
Microsoft Visual Studio Solution File, Format Version 12.00
# Visual Studio Version 17
VisualStudioVersion = 17.13.35913.81 d17.13
MinimumVisualStudioVersion = 10.0.40219.1
Project("{FAE04EC0-301F-11D3-BF4B-00C04F79EFBC}") = "Meetotidetöö", "Meetotidetöö.csproj", "{16730037-4DCC-4430-B4E4-32B30705C450}"
EndProject
Global
	GlobalSection(SolutionConfigurationPlatforms) = preSolution
		Debug|Any CPU = Debug|Any CPU
		Release|Any CPU = Release|Any CPU
	EndGlobalSection
	GlobalSection(ProjectConfigurationPlatforms) = postSolution
		{16730037-4DCC-4430-B4E4-32B30705C450}.Debug|Any CPU.ActiveCfg = Debug|Any CPU
		{16730037-4DCC-4430-B4E4-32B30705C450}.Debug|Any CPU.Build.0 = Debug|Any CPU
		{16730037-4DCC-4430-B4E4-32B30705C450}.Release|Any CPU.ActiveCfg = Release|Any CPU
		{16730037-4DCC-4430-B4E4-32B30705C450}.Release|Any CPU.Build.0 = Release|Any CPU
	EndGlobalSection
	GlobalSection(SolutionProperties) = preSolution
		HideSolutionNode = FALSE
	EndGlobalSection
	GlobalSection(ExtensibilityGlobals) = postSolution
		SolutionGuid = {9C3690C1-0F0A-4649-B25B-F8BC11A6D271}
	EndGlobalSection
EndGlobal
