
Microsoft Visual Studio Solution File, Format Version 12.00
# Visual Studio Version 17
VisualStudioVersion = 17.13.35913.81 d17.13
MinimumVisualStudioVersion = 10.0.40219.1
Project("{FAE04EC0-301F-11D3-BF4B-00C04F79EFBC}") = "Meetod", "Meetod.csproj", "{2192511E-59BE-4F9D-9542-363B851FBF04}"
EndProject
Global
	GlobalSection(SolutionConfigurationPlatforms) = preSolution
		Debug|Any CPU = Debug|Any CPU
		Release|Any CPU = Release|Any CPU
	EndGlobalSection
	GlobalSection(ProjectConfigurationPlatforms) = postSolution
		{2192511E-59BE-4F9D-9542-363B851FBF04}.Debug|Any CPU.ActiveCfg = Debug|Any CPU
		{2192511E-59BE-4F9D-9542-363B851FBF04}.Debug|Any CPU.Build.0 = Debug|Any CPU
		{2192511E-59BE-4F9D-9542-363B851FBF04}.Release|Any CPU.ActiveCfg = Release|Any CPU
		{2192511E-59BE-4F9D-9542-363B851FBF04}.Release|Any CPU.Build.0 = Release|Any CPU
	EndGlobalSection
	GlobalSection(SolutionProperties) = preSolution
		HideSolutionNode = FALSE
	EndGlobalSection
	GlobalSection(ExtensibilityGlobals) = postSolution
		SolutionGuid = {E300BD37-AC21-4946-8411-06E7D681C739}
	EndGlobalSection
EndGlobal
